PODS:
  - Alamofire (5.9.1)
  - Cache (6.0.0)
  - Differentiator (5.0.0)
  - FBSnapshotTestCase (2.1.4):
    - FBSnapshotTestCase/SwiftSupport (= 2.1.4)
  - FBSnapshotTestCase/Core (2.1.4)
  - FBSnapshotTestCase/SwiftSupport (2.1.4):
    - FBSnapshotTestCase/Core
  - HandyJSON (5.0.2)
  - HLinUIKit (1.1.0):
    - HLinUIKit/HLinUICore (= 1.1.0)
  - HLinUIKit/Bluetooth (1.1.0):
    - QMUIKit/QMUILog
    - RxBluetoothKit
  - HLinUIKit/HLinUICore (1.1.0):
    - JGProgressHUD
    - MJRefresh
    - MYTableViewIndex
    - RxCocoa
    - RxDataSources
    - RxGesture
    - RxSwift
    - SDCycleScrollView
    - SnapKit
    - Then
  - HLinUIKit/Moya (1.1.0):
    - Alamofire
    - Cache
    - HandyJSON
    - Moya/RxSwift
    - Result
    - RxCocoa
    - RxSwift
  - HLinUIKit/Realm (1.1.0):
    - RealmSwift
    - RxCocoa
    - RxSwift
  - JGProgressHUD (2.2)
  - MJRefresh (3.7.9)
  - Moya/Core (15.0.0):
    - Alamofire (~> 5.0)
  - Moya/RxSwift (15.0.0):
    - Moya/Core
    - RxSwift (~> 6.0)
  - MYTableViewIndex (0.8.0)
  - QMUIKit/QMUILog (4.6.0)
  - Realm (10.50.1):
    - Realm/Headers (= 10.50.1)
  - Realm/Headers (10.50.1)
  - RealmSwift (10.50.1):
    - Realm (= 10.50.1)
  - Result (5.0.0)
  - RxBluetoothKit (7.0.0):
    - RxSwift (~> 6.0)
  - RxCocoa (6.7.1):
    - RxRelay (= 6.7.1)
    - RxSwift (= 6.7.1)
  - RxDataSources (5.0.0):
    - Differentiator (~> 5.0)
    - RxCocoa (~> 6.0)
    - RxSwift (~> 6.0)
  - RxGesture (4.0.4):
    - RxCocoa (~> 6.0)
    - RxSwift (~> 6.0)
  - RxRelay (6.7.1):
    - RxSwift (= 6.7.1)
  - RxSwift (6.7.1)
  - SDCycleScrollView (1.82):
    - SDWebImage (>= 5.0.0)
  - SDWebImage (5.19.2):
    - SDWebImage/Core (= 5.19.2)
  - SDWebImage/Core (5.19.2)
  - SnapKit (5.7.1)
  - Then (3.0.0)

DEPENDENCIES:
  - FBSnapshotTestCase (~> 2.1.4)
  - HLinUIKit (from `../`)
  - HLinUIKit/Bluetooth (from `../`)
  - HLinUIKit/Moya (from `../`)
  - HLinUIKit/Realm (from `../`)
  - RxBluetoothKit (from `https://github.com/U131025/RxBluetoothKit.git`)

SPEC REPOS:
  https://github.com/CocoaPods/Specs.git:
    - Alamofire
    - Cache
    - Differentiator
    - FBSnapshotTestCase
    - HandyJSON
    - JGProgressHUD
    - MJRefresh
    - Moya
    - MYTableViewIndex
    - QMUIKit
    - Realm
    - RealmSwift
    - Result
    - RxCocoa
    - RxDataSources
    - RxGesture
    - RxRelay
    - RxSwift
    - SDCycleScrollView
    - SDWebImage
    - SnapKit
    - Then

EXTERNAL SOURCES:
  HLinUIKit:
    :path: "../"
  RxBluetoothKit:
    :git: https://github.com/U131025/RxBluetoothKit.git

CHECKOUT OPTIONS:
  RxBluetoothKit:
    :commit: c6abbbd70c1af3ab08cfe347bb7f02c4df4ec7fe
    :git: https://github.com/U131025/RxBluetoothKit.git

SPEC CHECKSUMS:
  Alamofire: f36a35757af4587d8e4f4bfa223ad10be2422b8c
  Cache: 4ca7e00363fca5455f26534e5607634c820ffc2d
  Differentiator: e8497ceab83c1b10ca233716d547b9af21b9344d
  FBSnapshotTestCase: 094f9f314decbabe373b87cc339bea235a63e07a
  HandyJSON: 9e4e236f5d2dbefad5155a77417bbea438201c03
  HLinUIKit: f76e6eedc25416cb773aa352dc645db9599125e9
  JGProgressHUD: d83d7a981b85d11205e19ff8ad5bb9c40571c847
  MJRefresh: ff9e531227924c84ce459338414550a05d2aea78
  Moya: 138f0573e53411fb3dc17016add0b748dfbd78ee
  MYTableViewIndex: 55d5d8557b3f2a4de270d8c0260b41f3918ba4e3
  QMUIKit: 6321cf1124623d686a9ec0a79a7cc59d0d64a52c
  Realm: 36bc9fe2681d7cf234aa487e7990821c772206a2
  RealmSwift: 84a370d3d4f191d327a9f8ade1f064a274f79847
  Result: ed341d2f236af425b803e690e9bd8fd0a0cb7c5a
  RxBluetoothKit: be7acb92b3eaaa3a15c3813c2c12648ad7f49010
  RxCocoa: f5609cb4637587a7faa99c5d5787e3ad582b75a4
  RxDataSources: aa47cc1ed6c500fa0dfecac5c979b723542d79cf
  RxGesture: f3efb47ed2d26a8082f7b660d4a59970e275a7f8
  RxRelay: 4151ba01152436b08271e08410135e099880eae5
  RxSwift: b9a93a26031785159e11abd40d1a55bcb8057e52
  SDCycleScrollView: a0d74c3384caa72bdfc81470bdbc8c14b3e1fbcf
  SDWebImage: dfe95b2466a9823cf9f0c6d01217c06550d7b29a
  SnapKit: d612e99e678a2d3b95bf60b0705ed0a35c03484a
  Then: 844265ae87834bbe1147d91d5d41a404da2ec27d

PODFILE CHECKSUM: 1edf3cbb14a193115c156a69aa51d9c4edbfa017

COCOAPODS: 1.13.0
